
Microsoft Visual Studio Solution File, Format Version 12.00
# Visual Studio Version 17
VisualStudioVersion = 17.5.33414.496
MinimumVisualStudioVersion = 10.0.40219.1
Project("{9A19103F-16F7-4668-BE54-9A1E7A4F7556}") = "Pokemon.Tests", "Pokemon.Api.Tests\Pokemon.Tests.csproj", "{DF178C9D-E295-46A4-9FE2-2CA655276D4E}"
EndProject
Project("{9A19103F-16F7-4668-BE54-9A1E7A4F7556}") = "Pokemon.Services", "Pokemon.Services\Pokemon.Services.csproj", "{B8789F55-07B0-4D56-BB81-EF267BFDEF94}"
EndProject
Project("{9A19103F-16F7-4668-BE54-9A1E7A4F7556}") = "Pokemon.Application.DTO", "Pokemon.Application.DTO\Pokemon.Application.DTO.csproj", "{38592D5B-E1C2-48ED-B752-769B207A8D9F}"
EndProject
Project("{FAE04EC0-301F-11D3-BF4B-00C04F79EFBC}") = "Pokemin.Api.Blazor.Server", "Pokemin.Api.Blazor\Server\Pokemin.Api.Blazor.Server.csproj", "{C6A07D89-D6CF-4777-84DB-2B3F1BD8E133}"
EndProject
Project("{FAE04EC0-301F-11D3-BF4B-00C04F79EFBC}") = "Pokemin.Api.Blazor.Client", "Pokemin.Api.Blazor\Client\Pokemin.Api.Blazor.Client.csproj", "{354A6F50-BE7D-4A4B-8572-8DABC2C5732F}"
EndProject
Project("{FAE04EC0-301F-11D3-BF4B-00C04F79EFBC}") = "Pokemin.Api.Blazor.Shared", "Pokemin.Api.Blazor\Shared\Pokemin.Api.Blazor.Shared.csproj", "{C1D54697-DCF4-47E9-829B-FEE2F213E693}"
EndProject
Project("{2150E333-8FDC-42A3-9474-1A3956D46DE8}") = "WebApp", "WebApp", "{93C3B584-F701-4425-BEC4-ABB6F2E998BE}"
EndProject
Project("{2150E333-8FDC-42A3-9474-1A3956D46DE8}") = "src", "src", "{488324A6-8D1F-411D-9B4D-D9A52079EA9C}"
EndProject
Project("{FAE04EC0-301F-11D3-BF4B-00C04F79EFBC}") = "Pokemon.Data", "Pokemon.Data\Pokemon.Data.csproj", "{8A346291-D690-4831-847D-DBB9D767A598}"
EndProject
Global
	GlobalSection(SolutionConfigurationPlatforms) = preSolution
		Debug|Any CPU = Debug|Any CPU
		Release|Any CPU = Release|Any CPU
	EndGlobalSection
	GlobalSection(ProjectConfigurationPlatforms) = postSolution
		{DF178C9D-E295-46A4-9FE2-2CA655276D4E}.Debug|Any CPU.ActiveCfg = Debug|Any CPU
		{DF178C9D-E295-46A4-9FE2-2CA655276D4E}.Debug|Any CPU.Build.0 = Debug|Any CPU
		{DF178C9D-E295-46A4-9FE2-2CA655276D4E}.Release|Any CPU.ActiveCfg = Release|Any CPU
		{DF178C9D-E295-46A4-9FE2-2CA655276D4E}.Release|Any CPU.Build.0 = Release|Any CPU
		{B8789F55-07B0-4D56-BB81-EF267BFDEF94}.Debug|Any CPU.ActiveCfg = Debug|Any CPU
		{B8789F55-07B0-4D56-BB81-EF267BFDEF94}.Debug|Any CPU.Build.0 = Debug|Any CPU
		{B8789F55-07B0-4D56-BB81-EF267BFDEF94}.Release|Any CPU.ActiveCfg = Release|Any CPU
		{B8789F55-07B0-4D56-BB81-EF267BFDEF94}.Release|Any CPU.Build.0 = Release|Any CPU
		{38592D5B-E1C2-48ED-B752-769B207A8D9F}.Debug|Any CPU.ActiveCfg = Debug|Any CPU
		{38592D5B-E1C2-48ED-B752-769B207A8D9F}.Debug|Any CPU.Build.0 = Debug|Any CPU
		{38592D5B-E1C2-48ED-B752-769B207A8D9F}.Release|Any CPU.ActiveCfg = Release|Any CPU
		{38592D5B-E1C2-48ED-B752-769B207A8D9F}.Release|Any CPU.Build.0 = Release|Any CPU
		{C6A07D89-D6CF-4777-84DB-2B3F1BD8E133}.Debug|Any CPU.ActiveCfg = Debug|Any CPU
		{C6A07D89-D6CF-4777-84DB-2B3F1BD8E133}.Debug|Any CPU.Build.0 = Debug|Any CPU
		{C6A07D89-D6CF-4777-84DB-2B3F1BD8E133}.Release|Any CPU.ActiveCfg = Release|Any CPU
		{C6A07D89-D6CF-4777-84DB-2B3F1BD8E133}.Release|Any CPU.Build.0 = Release|Any CPU
		{354A6F50-BE7D-4A4B-8572-8DABC2C5732F}.Debug|Any CPU.ActiveCfg = Debug|Any CPU
		{354A6F50-BE7D-4A4B-8572-8DABC2C5732F}.Debug|Any CPU.Build.0 = Debug|Any CPU
		{354A6F50-BE7D-4A4B-8572-8DABC2C5732F}.Release|Any CPU.ActiveCfg = Release|Any CPU
		{354A6F50-BE7D-4A4B-8572-8DABC2C5732F}.Release|Any CPU.Build.0 = Release|Any CPU
		{C1D54697-DCF4-47E9-829B-FEE2F213E693}.Debug|Any CPU.ActiveCfg = Debug|Any CPU
		{C1D54697-DCF4-47E9-829B-FEE2F213E693}.Debug|Any CPU.Build.0 = Debug|Any CPU
		{C1D54697-DCF4-47E9-829B-FEE2F213E693}.Release|Any CPU.ActiveCfg = Release|Any CPU
		{C1D54697-DCF4-47E9-829B-FEE2F213E693}.Release|Any CPU.Build.0 = Release|Any CPU
		{8A346291-D690-4831-847D-DBB9D767A598}.Debug|Any CPU.ActiveCfg = Debug|Any CPU
		{8A346291-D690-4831-847D-DBB9D767A598}.Debug|Any CPU.Build.0 = Debug|Any CPU
		{8A346291-D690-4831-847D-DBB9D767A598}.Release|Any CPU.ActiveCfg = Release|Any CPU
		{8A346291-D690-4831-847D-DBB9D767A598}.Release|Any CPU.Build.0 = Release|Any CPU
	EndGlobalSection
	GlobalSection(SolutionProperties) = preSolution
		HideSolutionNode = FALSE
	EndGlobalSection
	GlobalSection(NestedProjects) = preSolution
		{B8789F55-07B0-4D56-BB81-EF267BFDEF94} = {488324A6-8D1F-411D-9B4D-D9A52079EA9C}
		{38592D5B-E1C2-48ED-B752-769B207A8D9F} = {488324A6-8D1F-411D-9B4D-D9A52079EA9C}
		{C6A07D89-D6CF-4777-84DB-2B3F1BD8E133} = {93C3B584-F701-4425-BEC4-ABB6F2E998BE}
		{354A6F50-BE7D-4A4B-8572-8DABC2C5732F} = {93C3B584-F701-4425-BEC4-ABB6F2E998BE}
		{C1D54697-DCF4-47E9-829B-FEE2F213E693} = {93C3B584-F701-4425-BEC4-ABB6F2E998BE}
		{8A346291-D690-4831-847D-DBB9D767A598} = {488324A6-8D1F-411D-9B4D-D9A52079EA9C}
	EndGlobalSection
	GlobalSection(ExtensibilityGlobals) = postSolution
		SolutionGuid = {C7162AF8-B4C3-40DA-A600-2FFACA908430}
	EndGlobalSection
EndGlobal
