
Microsoft Visual Studio Solution File, Format Version 12.00
# Visual Studio Version 17
VisualStudioVersion = 17.5.33414.496
MinimumVisualStudioVersion = 10.0.40219.1
Project("{FAE04EC0-301F-11D3-BF4B-00C04F79EFBC}") = "Pokemon.Tests", "Pokemon.Api.Tests\Pokemon.Tests.csproj", "{DF178C9D-E295-46A4-9FE2-2CA655276D4E}"
EndProject
Project("{FAE04EC0-301F-11D3-BF4B-00C04F79EFBC}") = "Pokemon.Services", "Pokemon.Services\Pokemon.Services.csproj", "{B8789F55-07B0-4D56-BB81-EF267BFDEF94}"
EndProject
Project("{FAE04EC0-301F-11D3-BF4B-00C04F79EFBC}") = "Pokemon.Application.DTO", "Pokemon.Application.DTO\Pokemon.Application.DTO.csproj", "{38592D5B-E1C2-48ED-B752-769B207A8D9F}"
EndProject
Global
	GlobalSection(SolutionConfigurationPlatforms) = preSolution
		Debug|Any CPU = Debug|Any CPU
		Release|Any CPU = Release|Any CPU
	EndGlobalSection
	GlobalSection(ProjectConfigurationPlatforms) = postSolution
		{DF178C9D-E295-46A4-9FE2-2CA655276D4E}.Debug|Any CPU.ActiveCfg = Debug|Any CPU
		{DF178C9D-E295-46A4-9FE2-2CA655276D4E}.Debug|Any CPU.Build.0 = Debug|Any CPU
		{DF178C9D-E295-46A4-9FE2-2CA655276D4E}.Release|Any CPU.ActiveCfg = Release|Any CPU
		{DF178C9D-E295-46A4-9FE2-2CA655276D4E}.Release|Any CPU.Build.0 = Release|Any CPU
		{B8789F55-07B0-4D56-BB81-EF267BFDEF94}.Debug|Any CPU.ActiveCfg = Debug|Any CPU
		{B8789F55-07B0-4D56-BB81-EF267BFDEF94}.Debug|Any CPU.Build.0 = Debug|Any CPU
		{B8789F55-07B0-4D56-BB81-EF267BFDEF94}.Release|Any CPU.ActiveCfg = Release|Any CPU
		{B8789F55-07B0-4D56-BB81-EF267BFDEF94}.Release|Any CPU.Build.0 = Release|Any CPU
		{38592D5B-E1C2-48ED-B752-769B207A8D9F}.Debug|Any CPU.ActiveCfg = Debug|Any CPU
		{38592D5B-E1C2-48ED-B752-769B207A8D9F}.Debug|Any CPU.Build.0 = Debug|Any CPU
		{38592D5B-E1C2-48ED-B752-769B207A8D9F}.Release|Any CPU.ActiveCfg = Release|Any CPU
		{38592D5B-E1C2-48ED-B752-769B207A8D9F}.Release|Any CPU.Build.0 = Release|Any CPU
	EndGlobalSection
	GlobalSection(SolutionProperties) = preSolution
		HideSolutionNode = FALSE
	EndGlobalSection
	GlobalSection(ExtensibilityGlobals) = postSolution
		SolutionGuid = {C7162AF8-B4C3-40DA-A600-2FFACA908430}
	EndGlobalSection
EndGlobal
